
Microsoft Visual Studio Solution File, Format Version 12.00
# Visual Studio 15
VisualStudioVersion = 15.0.28307.645
MinimumVisualStudioVersion = 10.0.40219.1
Project("{FAE04EC0-301F-11D3-BF4B-00C04F79EFBC}") = "AddressBookAppPractice6", "AddressBookAppPractice6\AddressBookAppPractice6.csproj", "{4144130C-6238-43D0-BB3D-19D3187DDD92}"
EndProject
Global
	GlobalSection(SolutionConfigurationPlatforms) = preSolution
		Debug|Any CPU = Debug|Any CPU
		Release|Any CPU = Release|Any CPU
	EndGlobalSection
	GlobalSection(ProjectConfigurationPlatforms) = postSolution
		{4144130C-6238-43D0-BB3D-19D3187DDD92}.Debug|Any CPU.ActiveCfg = Debug|Any CPU
		{4144130C-6238-43D0-BB3D-19D3187DDD92}.Debug|Any CPU.Build.0 = Debug|Any CPU
		{4144130C-6238-43D0-BB3D-19D3187DDD92}.Release|Any CPU.ActiveCfg = Release|Any CPU
		{4144130C-6238-43D0-BB3D-19D3187DDD92}.Release|Any CPU.Build.0 = Release|Any CPU
	EndGlobalSection
	GlobalSection(SolutionProperties) = preSolution
		HideSolutionNode = FALSE
	EndGlobalSection
	GlobalSection(ExtensibilityGlobals) = postSolution
		SolutionGuid = {F887D02D-5FE3-40B0-BBD1-E295B158D79F}
	EndGlobalSection
EndGlobal
